
Microsoft Visual Studio Solution File, Format Version 12.00
# Visual Studio 15
VisualStudioVersion = 15.0.28307.329
MinimumVisualStudioVersion = 10.0.40219.1
Project("{FAE04EC0-301F-11D3-BF4B-00C04F79EFBC}") = "Calculator", "Calculator\Calculator.csproj", "{6692E340-2E59-4003-B930-E592D59911D5}"
EndProject
Project("{FAE04EC0-301F-11D3-BF4B-00C04F79EFBC}") = "CalMain", "CalMain\CalMain.csproj", "{E1582F6B-9BE1-4A20-A51B-CFC4B501A71F}"
EndProject
Project("{FAE04EC0-301F-11D3-BF4B-00C04F79EFBC}") = "CalculatorForms", "CalculatorForms\CalculatorForms.csproj", "{C5E50C93-10A7-4F91-9EE9-8392C0CFED1B}"
EndProject
Global
	GlobalSection(SolutionConfigurationPlatforms) = preSolution
		Debug|Any CPU = Debug|Any CPU
		Release|Any CPU = Release|Any CPU
	EndGlobalSection
	GlobalSection(ProjectConfigurationPlatforms) = postSolution
		{6692E340-2E59-4003-B930-E592D59911D5}.Debug|Any CPU.ActiveCfg = Debug|Any CPU
		{6692E340-2E59-4003-B930-E592D59911D5}.Debug|Any CPU.Build.0 = Debug|Any CPU
		{6692E340-2E59-4003-B930-E592D59911D5}.Release|Any CPU.ActiveCfg = Release|Any CPU
		{6692E340-2E59-4003-B930-E592D59911D5}.Release|Any CPU.Build.0 = Release|Any CPU
		{E1582F6B-9BE1-4A20-A51B-CFC4B501A71F}.Debug|Any CPU.ActiveCfg = Debug|Any CPU
		{E1582F6B-9BE1-4A20-A51B-CFC4B501A71F}.Debug|Any CPU.Build.0 = Debug|Any CPU
		{E1582F6B-9BE1-4A20-A51B-CFC4B501A71F}.Release|Any CPU.ActiveCfg = Release|Any CPU
		{E1582F6B-9BE1-4A20-A51B-CFC4B501A71F}.Release|Any CPU.Build.0 = Release|Any CPU
		{C5E50C93-10A7-4F91-9EE9-8392C0CFED1B}.Debug|Any CPU.ActiveCfg = Debug|Any CPU
		{C5E50C93-10A7-4F91-9EE9-8392C0CFED1B}.Debug|Any CPU.Build.0 = Debug|Any CPU
		{C5E50C93-10A7-4F91-9EE9-8392C0CFED1B}.Release|Any CPU.ActiveCfg = Release|Any CPU
		{C5E50C93-10A7-4F91-9EE9-8392C0CFED1B}.Release|Any CPU.Build.0 = Release|Any CPU
	EndGlobalSection
	GlobalSection(SolutionProperties) = preSolution
		HideSolutionNode = FALSE
	EndGlobalSection
	GlobalSection(ExtensibilityGlobals) = postSolution
		SolutionGuid = {080B5ACC-56DD-48A4-8072-BD4DD22A9347}
	EndGlobalSection
EndGlobal
